// !$*UTF8*$!
{
	archiveVersion = 1;
	classes = {
	};
	objectVersion = 48;
	objects = {

/* Begin PBXBuildFile section */
		496F7F961F90155B00D49449 /* Default-568h@2x.png in Resources */ = {isa = PBXBuildFile; fileRef = 496F7F951F90155B00D49449 /* Default-568h@2x.png */; };
		496F7F991F90170900D49449 /* PanViewController.m in Sources */ = {isa = PBXBuildFile; fileRef = 496F7F981F90170900D49449 /* PanViewController.m */; };
		496F7F9C1F90171E00D49449 /* TapViewController.m in Sources */ = {isa = PBXBuildFile; fileRef = 496F7F9B1F90171E00D49449 /* TapViewController.m */; };
		496F7FA21F902C6B00D49449 /* PinchViewController.m in Sources */ = {isa = PBXBuildFile; fileRef = 496F7FA11F902C6B00D49449 /* PinchViewController.m */; };
		49B79DB61F90110F00B98327 /* AppDelegate.m in Sources */ = {isa = PBXBuildFile; fileRef = 49B79DB51F90110F00B98327 /* AppDelegate.m */; };
		49B79DBC1F90110F00B98327 /* Main.storyboard in Resources */ = {isa = PBXBuildFile; fileRef = 49B79DBA1F90110F00B98327 /* Main.storyboard */; };
		49B79DBE1F90110F00B98327 /* Assets.xcassets in Resources */ = {isa = PBXBuildFile; fileRef = 49B79DBD1F90110F00B98327 /* Assets.xcassets */; };
		49B79DC11F90110F00B98327 /* LaunchScreen.storyboard in Resources */ = {isa = PBXBuildFile; fileRef = 49B79DBF1F90110F00B98327 /* LaunchScreen.storyboard */; };
		49B79DC41F90110F00B98327 /* main.m in Sources */ = {isa = PBXBuildFile; fileRef = 49B79DC31F90110F00B98327 /* main.m */; };
		49E2A9FA1F904EA4007026F1 /* SwipeViewController.m in Sources */ = {isa = PBXBuildFile; fileRef = 49E2A9F91F904EA4007026F1 /* SwipeViewController.m */; };
/* End PBXBuildFile section */

/* Begin PBXFileReference section */
		496F7F951F90155B00D49449 /* Default-568h@2x.png */ = {isa = PBXFileReference; lastKnownFileType = image.png; path = "Default-568h@2x.png"; sourceTree = "<group>"; };
		496F7F971F90170900D49449 /* PanViewController.h */ = {isa = PBXFileReference; lastKnownFileType = sourcecode.c.h; path = PanViewController.h; sourceTree = "<group>"; };
		496F7F981F90170900D49449 /* PanViewController.m */ = {isa = PBXFileReference; lastKnownFileType = sourcecode.c.objc; path = PanViewController.m; sourceTree = "<group>"; };
		496F7F9A1F90171E00D49449 /* TapViewController.h */ = {isa = PBXFileReference; lastKnownFileType = sourcecode.c.h; path = TapViewController.h; sourceTree = "<group>"; };
		496F7F9B1F90171E00D49449 /* TapViewController.m */ = {isa = PBXFileReference; lastKnownFileType = sourcecode.c.objc; path = TapViewController.m; sourceTree = "<group>"; };
		496F7FA01F902C6B00D49449 /* PinchViewController.h */ = {isa = PBXFileReference; lastKnownFileType = sourcecode.c.h; path = PinchViewController.h; sourceTree = "<group>"; };
		496F7FA11F902C6B00D49449 /* PinchViewController.m */ = {isa = PBXFileReference; lastKnownFileType = sourcecode.c.objc; path = PinchViewController.m; sourceTree = "<group>"; };
		49B79DB11F90110F00B98327 /* Gestures.app */ = {isa = PBXFileReference; explicitFileType = wrapper.application; includeInIndex = 0; path = Gestures.app; sourceTree = BUILT_PRODUCTS_DIR; };
		49B79DB41F90110F00B98327 /* AppDelegate.h */ = {isa = PBXFileReference; lastKnownFileType = sourcecode.c.h; path = AppDelegate.h; sourceTree = "<group>"; };
		49B79DB51F90110F00B98327 /* AppDelegate.m */ = {isa = PBXFileReference; lastKnownFileType = sourcecode.c.objc; path = AppDelegate.m; sourceTree = "<group>"; };
		49B79DBB1F90110F00B98327 /* Base */ = {isa = PBXFileReference; lastKnownFileType = file.storyboard; name = Base; path = Base.lproj/Main.storyboard; sourceTree = "<group>"; };
		49B79DBD1F90110F00B98327 /* Assets.xcassets */ = {isa = PBXFileReference; lastKnownFileType = folder.assetcatalog; path = Assets.xcassets; sourceTree = "<group>"; };
		49B79DC01F90110F00B98327 /* Base */ = {isa = PBXFileReference; lastKnownFileType = file.storyboard; name = Base; path = Base.lproj/LaunchScreen.storyboard; sourceTree = "<group>"; };
		49B79DC21F90110F00B98327 /* Info.plist */ = {isa = PBXFileReference; lastKnownFileType = text.plist.xml; path = Info.plist; sourceTree = "<group>"; };
		49B79DC31F90110F00B98327 /* main.m */ = {isa = PBXFileReference; lastKnownFileType = sourcecode.c.objc; path = main.m; sourceTree = "<group>"; };
		49E2A9F81F904EA4007026F1 /* SwipeViewController.h */ = {isa = PBXFileReference; lastKnownFileType = sourcecode.c.h; path = SwipeViewController.h; sourceTree = "<group>"; };
		49E2A9F91F904EA4007026F1 /* SwipeViewController.m */ = {isa = PBXFileReference; lastKnownFileType = sourcecode.c.objc; path = SwipeViewController.m; sourceTree = "<group>"; };
/* End PBXFileReference section */

/* Begin PBXFrameworksBuildPhase section */
		49B79DAE1F90110F00B98327 /* Frameworks */ = {
			isa = PBXFrameworksBuildPhase;
			buildActionMask = 2147483647;
			files = (
			);
			runOnlyForDeploymentPostprocessing = 0;
		};
/* End PBXFrameworksBuildPhase section */

/* Begin PBXGroup section */
		49B79DA81F90110F00B98327 = {
			isa = PBXGroup;
			children = (
				496F7F951F90155B00D49449 /* Default-568h@2x.png */,
				49B79DB31F90110F00B98327 /* Gestures */,
				49B79DB21F90110F00B98327 /* Products */,
			);
			sourceTree = "<group>";
		};
		49B79DB21F90110F00B98327 /* Products */ = {
			isa = PBXGroup;
			children = (
				49B79DB11F90110F00B98327 /* Gestures.app */,
			);
			name = Products;
			sourceTree = "<group>";
		};
		49B79DB31F90110F00B98327 /* Gestures */ = {
			isa = PBXGroup;
			children = (
				49B79DBA1F90110F00B98327 /* Main.storyboard */,
				49E2A9F81F904EA4007026F1 /* SwipeViewController.h */,
				49E2A9F91F904EA4007026F1 /* SwipeViewController.m */,
				496F7F971F90170900D49449 /* PanViewController.h */,
				496F7F981F90170900D49449 /* PanViewController.m */,
				496F7FA01F902C6B00D49449 /* PinchViewController.h */,
				496F7FA11F902C6B00D49449 /* PinchViewController.m */,
				496F7F9A1F90171E00D49449 /* TapViewController.h */,
				496F7F9B1F90171E00D49449 /* TapViewController.m */,
				49B79DC21F90110F00B98327 /* Info.plist */,
				49B79DCA1F90113A00B98327 /* Supporting Files */,
			);
			path = Gestures;
			sourceTree = "<group>";
		};
		49B79DCA1F90113A00B98327 /* Supporting Files */ = {
			isa = PBXGroup;
			children = (
				49B79DBD1F90110F00B98327 /* Assets.xcassets */,
				49B79DB41F90110F00B98327 /* AppDelegate.h */,
				49B79DB51F90110F00B98327 /* AppDelegate.m */,
				49B79DBF1F90110F00B98327 /* LaunchScreen.storyboard */,
				49B79DC31F90110F00B98327 /* main.m */,
			);
			path = "Supporting Files";
			sourceTree = "<group>";
		};
/* End PBXGroup section */

/* Begin PBXNativeTarget section */
		49B79DB01F90110F00B98327 /* Gestures */ = {
			isa = PBXNativeTarget;
			buildConfigurationList = 49B79DC71F90110F00B98327 /* Build configuration list for PBXNativeTarget "Gestures" */;
			buildPhases = (
				49B79DAD1F90110F00B98327 /* Sources */,
				49B79DAE1F90110F00B98327 /* Frameworks */,
				49B79DAF1F90110F00B98327 /* Resources */,
			);
			buildRules = (
			);
			dependencies = (
			);
			name = Gestures;
			productName = Gestures;
			productReference = 49B79DB11F90110F00B98327 /* Gestures.app */;
			productType = "com.apple.product-type.application";
		};
/* End PBXNativeTarget section */

/* Begin PBXProject section */
		49B79DA91F90110F00B98327 /* Project object */ = {
			isa = PBXProject;
			attributes = {
				LastUpgradeCheck = 0900;
				ORGANIZATIONNAME = Andrew;
				TargetAttributes = {
					49B79DB01F90110F00B98327 = {
						CreatedOnToolsVersion = 9.0;
						ProvisioningStyle = Automatic;
					};
				};
			};
			buildConfigurationList = 49B79DAC1F90110F00B98327 /* Build configuration list for PBXProject "Gestures" */;
			compatibilityVersion = "Xcode 8.0";
			developmentRegion = en;
			hasScannedForEncodings = 0;
			knownRegions = (
				en,
				Base,
			);
			mainGroup = 49B79DA81F90110F00B98327;
			productRefGroup = 49B79DB21F90110F00B98327 /* Products */;
			projectDirPath = "";
			projectRoot = "";
			targets = (
				49B79DB01F90110F00B98327 /* Gestures */,
			);
		};
/* End PBXProject section */

/* Begin PBXResourcesBuildPhase section */
		49B79DAF1F90110F00B98327 /* Resources */ = {
			isa = PBXResourcesBuildPhase;
			buildActionMask = 2147483647;
			files = (
				49B79DC11F90110F00B98327 /* LaunchScreen.storyboard in Resources */,
				496F7F961F90155B00D49449 /* Default-568h@2x.png in Resources */,
				49B79DBE1F90110F00B98327 /* Assets.xcassets in Resources */,
				49B79DBC1F90110F00B98327 /* Main.storyboard in Resources */,
			);
			runOnlyForDeploymentPostprocessing = 0;
		};
/* End PBXResourcesBuildPhase section */

/* Begin PBXSourcesBuildPhase section */
		49B79DAD1F90110F00B98327 /* Sources */ = {
			isa = PBXSourcesBuildPhase;
			buildActionMask = 2147483647;
			files = (
				496F7F991F90170900D49449 /* PanViewController.m in Sources */,
				49B79DC41F90110F00B98327 /* main.m in Sources */,
				496F7FA21F902C6B00D49449 /* PinchViewController.m in Sources */,
				49E2A9FA1F904EA4007026F1 /* SwipeViewController.m in Sources */,
				496F7F9C1F90171E00D49449 /* TapViewController.m in Sources */,
				49B79DB61F90110F00B98327 /* AppDelegate.m in Sources */,
			);
			runOnlyForDeploymentPostprocessing = 0;
		};
/* End PBXSourcesBuildPhase section */

/* Begin PBXVariantGroup section */
		49B79DBA1F90110F00B98327 /* Main.storyboard */ = {
			isa = PBXVariantGroup;
			children = (
				49B79DBB1F90110F00B98327 /* Base */,
			);
			name = Main.storyboard;
			sourceTree = "<group>";
		};
		49B79DBF1F90110F00B98327 /* LaunchScreen.storyboard */ = {
			isa = PBXVariantGroup;
			children = (
				49B79DC01F90110F00B98327 /* Base */,
			);
			name = LaunchScreen.storyboard;
			sourceTree = "<group>";
		};
/* End PBXVariantGroup section */

/* Begin XCBuildConfiguration section */
		49B79DC51F90110F00B98327 /* Debug */ = {
			isa = XCBuildConfiguration;
			buildSettings = {
				ALWAYS_SEARCH_USER_PATHS = NO;
				CLANG_ANALYZER_NONNULL = YES;
				CLANG_ANALYZER_NUMBER_OBJECT_CONVERSION = YES_AGGRESSIVE;
				CLANG_CXX_LANGUAGE_STANDARD = "gnu++14";
				CLANG_CXX_LIBRARY = "libc++";
				CLANG_ENABLE_MODULES = YES;
				CLANG_ENABLE_OBJC_ARC = YES;
				CLANG_WARN_BLOCK_CAPTURE_AUTORELEASING = YES;
				CLANG_WARN_BOOL_CONVERSION = YES;
				CLANG_WARN_COMMA = YES;
				CLANG_WARN_CONSTANT_CONVERSION = YES;
				CLANG_WARN_DIRECT_OBJC_ISA_USAGE = YES_ERROR;
				CLANG_WARN_DOCUMENTATION_COMMENTS = YES;
				CLANG_WARN_EMPTY_BODY = YES;
				CLANG_WARN_ENUM_CONVERSION = YES;
				CLANG_WARN_INFINITE_RECURSION = YES;
				CLANG_WARN_INT_CONVERSION = YES;
				CLANG_WARN_NON_LITERAL_NULL_CONVERSION = YES;
				CLANG_WARN_OBJC_LITERAL_CONVERSION = YES;
				CLANG_WARN_OBJC_ROOT_CLASS = YES_ERROR;
				CLANG_WARN_RANGE_LOOP_ANALYSIS = YES;
				CLANG_WARN_STRICT_PROTOTYPES = YES;
				CLANG_WARN_SUSPICIOUS_MOVE = YES;
				CLANG_WARN_UNGUARDED_AVAILABILITY = YES_AGGRESSIVE;
				CLANG_WARN_UNREACHABLE_CODE = YES;
				CLANG_WARN__DUPLICATE_METHOD_MATCH = YES;
				CODE_SIGN_IDENTITY = "iPhone Developer";
				COPY_PHASE_STRIP = NO;
				DEBUG_INFORMATION_FORMAT = dwarf;
				ENABLE_STRICT_OBJC_MSGSEND = YES;
				ENABLE_TESTABILITY = YES;
				GCC_C_LANGUAGE_STANDARD = gnu11;
				GCC_DYNAMIC_NO_PIC = NO;
				GCC_NO_COMMON_BLOCKS = YES;
				GCC_OPTIMIZATION_LEVEL = 0;
				GCC_PREPROCESSOR_DEFINITIONS = (
					"DEBUG=1",
					"$(inherited)",
				);
				GCC_WARN_64_TO_32_BIT_CONVERSION = YES;
				GCC_WARN_ABOUT_RETURN_TYPE = YES_ERROR;
				GCC_WARN_UNDECLARED_SELECTOR = YES;
				GCC_WARN_UNINITIALIZED_AUTOS = YES_AGGRESSIVE;
				GCC_WARN_UNUSED_FUNCTION = YES;
				GCC_WARN_UNUSED_VARIABLE = YES;
				IPHONEOS_DEPLOYMENT_TARGET = 11.0;
				MTL_ENABLE_DEBUG_INFO = YES;
				ONLY_ACTIVE_ARCH = YES;
				SDKROOT = iphoneos;
			};
			name = Debug;
		};
		49B79DC61F90110F00B98327 /* Release */ = {
			isa = XCBuildConfiguration;
			buildSettings = {
				ALWAYS_SEARCH_USER_PATHS = NO;
				CLANG_ANALYZER_NONNULL = YES;
				CLANG_ANALYZER_NUMBER_OBJECT_CONVERSION = YES_AGGRESSIVE;
				CLANG_CXX_LANGUAGE_STANDARD = "gnu++14";
				CLANG_CXX_LIBRARY = "libc++";
				CLANG_ENABLE_MODULES = YES;
				CLANG_ENABLE_OBJC_ARC = YES;
				CLANG_WARN_BLOCK_CAPTURE_AUTORELEASING = YES;
				CLANG_WARN_BOOL_CONVERSION = YES;
				CLANG_WARN_COMMA = YES;
				CLANG_WARN_CONSTANT_CONVERSION = YES;
				CLANG_WARN_DIRECT_OBJC_ISA_USAGE = YES_ERROR;
				CLANG_WARN_DOCUMENTATION_COMMENTS = YES;
				CLANG_WARN_EMPTY_BODY = YES;
				CLANG_WARN_ENUM_CONVERSION = YES;
				CLANG_WARN_INFINITE_RECURSION = YES;
				CLANG_WARN_INT_CONVERSION = YES;
				CLANG_WARN_NON_LITERAL_NULL_CONVERSION = YES;
				CLANG_WARN_OBJC_LITERAL_CONVERSION = YES;
				CLANG_WARN_OBJC_ROOT_CLASS = YES_ERROR;
				CLANG_WARN_RANGE_LOOP_ANALYSIS = YES;
				CLANG_WARN_STRICT_PROTOTYPES = YES;
				CLANG_WARN_SUSPICIOUS_MOVE = YES;
				CLANG_WARN_UNGUARDED_AVAILABILITY = YES_AGGRESSIVE;
				CLANG_WARN_UNREACHABLE_CODE = YES;
				CLANG_WARN__DUPLICATE_METHOD_MATCH = YES;
				CODE_SIGN_IDENTITY = "iPhone Developer";
				COPY_PHASE_STRIP = NO;
				DEBUG_INFORMATION_FORMAT = "dwarf-with-dsym";
				ENABLE_NS_ASSERTIONS = NO;
				ENABLE_STRICT_OBJC_MSGSEND = YES;
				GCC_C_LANGUAGE_STANDARD = gnu11;
				GCC_NO_COMMON_BLOCKS = YES;
				GCC_WARN_64_TO_32_BIT_CONVERSION = YES;
				GCC_WARN_ABOUT_RETURN_TYPE = YES_ERROR;
				GCC_WARN_UNDECLARED_SELECTOR = YES;
				GCC_WARN_UNINITIALIZED_AUTOS = YES_AGGRESSIVE;
				GCC_WARN_UNUSED_FUNCTION = YES;
				GCC_WARN_UNUSED_VARIABLE = YES;
				IPHONEOS_DEPLOYMENT_TARGET = 11.0;
				MTL_ENABLE_DEBUG_INFO = NO;
				SDKROOT = iphoneos;
				VALIDATE_PRODUCT = YES;
			};
			name = Release;
		};
		49B79DC81F90110F00B98327 /* Debug */ = {
			isa = XCBuildConfiguration;
			buildSettings = {
				ASSETCATALOG_COMPILER_APPICON_NAME = AppIcon;
				CODE_SIGN_STYLE = Automatic;
				DEVELOPMENT_TEAM = T5E8L2XP69;
				INFOPLIST_FILE = Gestures/Info.plist;
				LD_RUNPATH_SEARCH_PATHS = "$(inherited) @executable_path/Frameworks";
				PRODUCT_BUNDLE_IDENTIFIER = hearthedge.Gestures;
				PRODUCT_NAME = "$(TARGET_NAME)";
				TARGETED_DEVICE_FAMILY = "1,2";
			};
			name = Debug;
		};
		49B79DC91F90110F00B98327 /* Release */ = {
			isa = XCBuildConfiguration;
			buildSettings = {
				ASSETCATALOG_COMPILER_APPICON_NAME = AppIcon;
				CODE_SIGN_STYLE = Automatic;
				DEVELOPMENT_TEAM = T5E8L2XP69;
				INFOPLIST_FILE = Gestures/Info.plist;
				LD_RUNPATH_SEARCH_PATHS = "$(inherited) @executable_path/Frameworks";
				PRODUCT_BUNDLE_IDENTIFIER = hearthedge.Gestures;
				PRODUCT_NAME = "$(TARGET_NAME)";
				TARGETED_DEVICE_FAMILY = "1,2";
			};
			name = Release;
		};
/* End XCBuildConfiguration section */

/* Begin XCConfigurationList section */
		49B79DAC1F90110F00B98327 /* Build configuration list for PBXProject "Gestures" */ = {
			isa = XCConfigurationList;
			buildConfigurations = (
				49B79DC51F90110F00B98327 /* Debug */,
				49B79DC61F90110F00B98327 /* Release */,
			);
			defaultConfigurationIsVisible = 0;
			defaultConfigurationName = Release;
		};
		49B79DC71F90110F00B98327 /* Build configuration list for PBXNativeTarget "Gestures" */ = {
			isa = XCConfigurationList;
			buildConfigurations = (
				49B79DC81F90110F00B98327 /* Debug */,
				49B79DC91F90110F00B98327 /* Release */,
			);
			defaultConfigurationIsVisible = 0;
			defaultConfigurationName = Release;
		};
/* End XCConfigurationList section */
	};
	rootObject = 49B79DA91F90110F00B98327 /* Project object */;
}
